# This file is automatically @generated by Cargo.
# It is not intended for manual editing.
version = 4

[[package]]
name = "prikk"
version = "0.1.3"
dependencies = [
 "prikk-hash",
 "prikk-object",
 "prikk-store",
]

[[package]]
name = "prikk-error"
version = "0.1.3"

[[package]]
name = "prikk-hash"
version = "0.1.3"

[[package]]
name = "prikk-object"
version = "0.1.3"
dependencies = [
 "prikk-error",
 "prikk-hash",
]

[[package]]
name = "prikk-store"
version = "0.1.3"
dependencies = [
 "prikk-error",
 "prikk-hash",
 "prikk-object",
]
